
Microsoft Visual Studio Solution File, Format Version 12.00
# Visual Studio 15
VisualStudioVersion = 15.0.28307.1800
MinimumVisualStudioVersion = 10.0.40219.1
Project("{E24C65DC-7377-472B-9ABA-BC803B73C61A}") = "wsFurniture", "wsFurniture\", "{31B2FC53-1373-4836-ABC7-FA0685BE69BB}"
	ProjectSection(WebsiteProperties) = preProject
		TargetFrameworkMoniker = ".NETFramework,Version%3Dv4.6"
		Debug.AspNetCompiler.VirtualPath = "/localhost_58316"
		Debug.AspNetCompiler.PhysicalPath = "wsFurniture\"
		Debug.AspNetCompiler.TargetPath = "PrecompiledWeb\localhost_58316\"
		Debug.AspNetCompiler.Updateable = "true"
		Debug.AspNetCompiler.ForceOverwrite = "true"
		Debug.AspNetCompiler.FixedNames = "false"
		Debug.AspNetCompiler.Debug = "True"
		Release.AspNetCompiler.VirtualPath = "/localhost_58316"
		Release.AspNetCompiler.PhysicalPath = "wsFurniture\"
		Release.AspNetCompiler.TargetPath = "PrecompiledWeb\localhost_58316\"
		Release.AspNetCompiler.Updateable = "true"
		Release.AspNetCompiler.ForceOverwrite = "true"
		Release.AspNetCompiler.FixedNames = "false"
		Release.AspNetCompiler.Debug = "False"
		VWDPort = "58316"
		SlnRelativePath = "wsFurniture\"
		DefaultWebSiteLanguage = "Visual C#"
	EndProjectSection
EndProject
Global
	GlobalSection(SolutionConfigurationPlatforms) = preSolution
		Debug|Any CPU = Debug|Any CPU
	EndGlobalSection
	GlobalSection(ProjectConfigurationPlatforms) = postSolution
		{31B2FC53-1373-4836-ABC7-FA0685BE69BB}.Debug|Any CPU.ActiveCfg = Debug|Any CPU
		{31B2FC53-1373-4836-ABC7-FA0685BE69BB}.Debug|Any CPU.Build.0 = Debug|Any CPU
	EndGlobalSection
	GlobalSection(SolutionProperties) = preSolution
		HideSolutionNode = FALSE
	EndGlobalSection
	GlobalSection(ExtensibilityGlobals) = postSolution
		SolutionGuid = {38A8B70E-0F87-49A3-A2D3-8C6EDBF28B1C}
	EndGlobalSection
EndGlobal
