
Microsoft Visual Studio Solution File, Format Version 12.00
# Visual Studio 15
VisualStudioVersion = 15.0.28307.1800
MinimumVisualStudioVersion = 10.0.40219.1
Project("{E24C65DC-7377-472B-9ABA-BC803B73C61A}") = "wsvcFurniture", "wsvcFurniture\", "{E9723798-4673-471E-B144-E0604337DF4A}"
	ProjectSection(WebsiteProperties) = preProject
		TargetFrameworkMoniker = ".NETFramework,Version%3Dv4.6"
		Debug.AspNetCompiler.VirtualPath = "/localhost_52086"
		Debug.AspNetCompiler.PhysicalPath = "wsvcFurniture\"
		Debug.AspNetCompiler.TargetPath = "PrecompiledWeb\localhost_52086\"
		Debug.AspNetCompiler.Updateable = "true"
		Debug.AspNetCompiler.ForceOverwrite = "true"
		Debug.AspNetCompiler.FixedNames = "false"
		Debug.AspNetCompiler.Debug = "True"
		Release.AspNetCompiler.VirtualPath = "/localhost_52086"
		Release.AspNetCompiler.PhysicalPath = "wsvcFurniture\"
		Release.AspNetCompiler.TargetPath = "PrecompiledWeb\localhost_52086\"
		Release.AspNetCompiler.Updateable = "true"
		Release.AspNetCompiler.ForceOverwrite = "true"
		Release.AspNetCompiler.FixedNames = "false"
		Release.AspNetCompiler.Debug = "False"
		VWDPort = "52086"
		SlnRelativePath = "wsvcFurniture\"
		DefaultWebSiteLanguage = "Visual C#"
	EndProjectSection
EndProject
Global
	GlobalSection(SolutionConfigurationPlatforms) = preSolution
		Debug|Any CPU = Debug|Any CPU
	EndGlobalSection
	GlobalSection(ProjectConfigurationPlatforms) = postSolution
		{E9723798-4673-471E-B144-E0604337DF4A}.Debug|Any CPU.ActiveCfg = Debug|Any CPU
		{E9723798-4673-471E-B144-E0604337DF4A}.Debug|Any CPU.Build.0 = Debug|Any CPU
	EndGlobalSection
	GlobalSection(SolutionProperties) = preSolution
		HideSolutionNode = FALSE
	EndGlobalSection
	GlobalSection(ExtensibilityGlobals) = postSolution
		SolutionGuid = {23BF9879-7D62-4EBE-A898-33E9A2A8E5A5}
	EndGlobalSection
EndGlobal
